# THIS IS AN AUTOGENERATED FILE. DO NOT EDIT THIS FILE DIRECTLY.
# yarn lockfile v1


vue-spinner@^1.0.3:
  version "1.0.3"
  resolved "https://registry.yarnpkg.com/vue-spinner/-/vue-spinner-1.0.3.tgz#eecd3f79f63a815b690e9d54b199ab65be695499"
  integrity sha512-Phh6QC/Bh80ZE/0SH9ADw4irbRGwFK6VZsTksPHpPm16xga2OXwNC2nI7SEPnndUZP+Lgu1wu+pbH6i6+5siBQ==
